
Microsoft Visual Studio Solution File, Format Version 12.00
# Visual Studio Version 17
VisualStudioVersion = 17.3.32929.385
MinimumVisualStudioVersion = 10.0.40219.1
Project("{F2A71F9B-5D33-465A-A702-920D77279786}") = "FunctionalCribbage", "FunctionalCribbage\FunctionalCribbage.fsproj", "{70FDF65B-4F6D-4ED1-8998-B2A354766596}"
EndProject
Global
	GlobalSection(SolutionConfigurationPlatforms) = preSolution
		Debug|Any CPU = Debug|Any CPU
		Release|Any CPU = Release|Any CPU
	EndGlobalSection
	GlobalSection(ProjectConfigurationPlatforms) = postSolution
		{70FDF65B-4F6D-4ED1-8998-B2A354766596}.Debug|Any CPU.ActiveCfg = Debug|Any CPU
		{70FDF65B-4F6D-4ED1-8998-B2A354766596}.Debug|Any CPU.Build.0 = Debug|Any CPU
		{70FDF65B-4F6D-4ED1-8998-B2A354766596}.Release|Any CPU.ActiveCfg = Release|Any CPU
		{70FDF65B-4F6D-4ED1-8998-B2A354766596}.Release|Any CPU.Build.0 = Release|Any CPU
	EndGlobalSection
	GlobalSection(SolutionProperties) = preSolution
		HideSolutionNode = FALSE
	EndGlobalSection
	GlobalSection(ExtensibilityGlobals) = postSolution
		SolutionGuid = {436C788F-4856-469F-8C78-2AA941A5F6AC}
	EndGlobalSection
EndGlobal
